<Solution>
  <Project Path="Koiusa.SteamMultiRuntime.Locomoter.Runtime.csproj" />
  <Project Path="Koiusa.SteamMultiRuntime.Prototype.Runtime.csproj" />
  <Project Path="Koiusa.SteamMultiRuntime.Locomoter.Editor.csproj" />
  <Project Path="Koiusa.SteamMultiRuntime.Thirdparty.Runtime.csproj" />
  <Project Path="Koiusa.SteamMultiRuntime.Core.Runtime.csproj" />
  <Project Path="Koiusa.SteamMultiRuntime.Lobby.Steam.Editor.csproj" />
  <Project Path="Koiusa.SteamMultiRuntime.Player.Netcode.Runtime.csproj" />
  <Project Path="Koiusa.SteamMultiRuntime.Player.Runtime.csproj" />
  <Project Path="Koiusa.SteamMultiRuntime.Keyconfig.Runtime.csproj" />
  <Project Path="TNRD.SerializableInterface.Editor.csproj" />
  <Project Path="Koiusa.SteamMultiRuntime.Player.Netcode.PlayModeTests.csproj" />
  <Project Path="UnityChan.Common.csproj" />
  <Project Path="Koiusa.SteamMultiRuntime.Lobby.Runtime.csproj" />
  <Project Path="Koiusa.SteamMultiRuntime.Integration.Editor.csproj" />
  <Project Path="Koiusa.UI.Core.Runtime.csproj" />
  <Project Path="Koiusa.TargetingSystem.Runtime.csproj" />
  <Project Path="koiusa.Keyconfig.Runtime.csproj" />
  <Project Path="Koiusa.SteamMultiRuntime.Prototype.Editor.csproj" />
  <Project Path="Koiusa.SteamMultiRuntime.Integration.Runtime.csproj" />
  <Project Path="Koiusa.SteamMultiRuntime.EditorTools.csproj" />
  <Project Path="Koiusa.SteamMultiRuntime.Player.Editor.csproj" />
  <Project Path="Koiusa.SteamMultiRuntime.TargetingSystem.Runtime.csproj" />
  <Project Path="koiusa.Keyconfig.Editor.csproj" />
  <Project Path="Koiusa.SteamMultiRuntime.Player.UI.Runtime.csproj" />
  <Project Path="Koiusa.SteamMultiRuntime.Runtime.csproj" />
  <Project Path="koiusa.Keyconfig.Editor.Tests.csproj" />
  <Project Path="Koiusa.Input.Core.Runtime.csproj" />
  <Project Path="Koiusa.SteamMultiRuntime.Locomoter.Netcode.Runtime.csproj" />
  <Project Path="Koiusa.SteamMultiRuntime.TargetingSystem.Editor.csproj" />
  <Project Path="Koiusa.SteamMultiRuntime.Lobby.Steam.Runtime.csproj" />
  <Project Path="Koiusa.SteamMultiRuntime.Character.Runtime.csproj" />
  <Project Path="Koiusa.SteamMultiRuntime.Player.UI.PlayModeTests.csproj" />
  <Project Path="Koiusa.SteamMultiRuntime.Player.UI.URP.Runtime.csproj" />
  <Project Path="Koiusa.SteamMultiRuntime.Locomoter.Netcode.Editor.csproj" />
  <Project Path="Koiusa.SteamMultiRuntime.ResourceLoader.Runtime.csproj" />
  <Project Path="Koiusa.SteamMultiRuntime.Audio.Runtime.csproj" />
  <Project Path="Koiusa.SteamMultiRuntime.Character.UI.Runtime.csproj" />
  <Project Path="Koiusa.SteamMultiRuntime.AnimationDriver.Editor.csproj" />
  <Project Path="UnityChan.Editor.csproj" />
  <Project Path="TNRD.SerializableInterface.csproj" />
  <Project Path="Koiusa.SteamMultiRuntime.Character.EditorTests.csproj" />
  <Project Path="Koiusa.System.Core.Runtime.csproj" />
  <Project Path="Koiusa.SteamMultiRuntime.AnimationDriver.Runtime.csproj" />
  <Project Path="Koiusa.SteamMultiRuntime.Localization.Runtime.csproj" />
  <Project Path="Koiusa.SteamMultiRuntime.Player.Netcode.Editor.csproj" />
  <Project Path="Koiusa.SteamMultiRuntime.TargetingSetup.Editor.csproj" />
  <Project Path="Facepunch Transport for Netcode for GameObjects.csproj" />
  <Project Path="Koiusa.SteamMultiRuntime.Lobby.PlayModeTests.csproj" />
  <Project Path="Koiusa.SteamMultiRuntime.ResourceLoader.Editor.csproj" />
  <Project Path="Koiusa.TargetingSystem.Editor.csproj" />
  <Project Path="Koiusa.Input.Core.Editor.csproj" />
  <Project Path="Koiusa.SteamMultiRuntime.Localization.Editor.csproj" />
  <Project Path="Koiusa.System.Core.Editor.csproj" />
  <Project Path="Koiusa.SteamMultiRuntime.Lobby.Netcode.Runtime.csproj" />
</Solution>
